// !$*UTF8*$!
{
	archiveVersion = 1;
	classes = {
	};
	objectVersion = 46;
	objects = {

/* Begin PBXBuildFile section */
		704F13CF1B846F1C0059C8CB /* main.m in Sources */ = {isa = PBXBuildFile; fileRef = 704F13CE1B846F1C0059C8CB /* main.m */; };
		704F13D21B846F1C0059C8CB /* AppDelegate.m in Sources */ = {isa = PBXBuildFile; fileRef = 704F13D11B846F1C0059C8CB /* AppDelegate.m */; };
		704F13D51B846F1C0059C8CB /* ViewController.m in Sources */ = {isa = PBXBuildFile; fileRef = 704F13D41B846F1C0059C8CB /* ViewController.m */; };
		704F13D81B846F1C0059C8CB /* Main.storyboard in Resources */ = {isa = PBXBuildFile; fileRef = 704F13D61B846F1C0059C8CB /* Main.storyboard */; };
		704F13DA1B846F1C0059C8CB /* Images.xcassets in Resources */ = {isa = PBXBuildFile; fileRef = 704F13D91B846F1C0059C8CB /* Images.xcassets */; };
		704F13DD1B846F1C0059C8CB /* LaunchScreen.xib in Resources */ = {isa = PBXBuildFile; fileRef = 704F13DB1B846F1C0059C8CB /* LaunchScreen.xib */; };
		704F13E91B846F1C0059C8CB /* CircularProgressTests.m in Sources */ = {isa = PBXBuildFile; fileRef = 704F13E81B846F1C0059C8CB /* CircularProgressTests.m */; };
		704F13F51B846F720059C8CB /* CSTCircleProgressView.m in Sources */ = {isa = PBXBuildFile; fileRef = 704F13F41B846F720059C8CB /* CSTCircleProgressView.m */; };
		704F13FC1B84733A0059C8CB /* Colours.m in Sources */ = {isa = PBXBuildFile; fileRef = 704F13FB1B84733A0059C8CB /* Colours.m */; };
/* End PBXBuildFile section */

/* Begin PBXContainerItemProxy section */
		704F13E31B846F1C0059C8CB /* PBXContainerItemProxy */ = {
			isa = PBXContainerItemProxy;
			containerPortal = 704F13C11B846F1C0059C8CB /* Project object */;
			proxyType = 1;
			remoteGlobalIDString = 704F13C81B846F1C0059C8CB;
			remoteInfo = CircularProgress;
		};
/* End PBXContainerItemProxy section */

/* Begin PBXFileReference section */
		704F13C91B846F1C0059C8CB /* CircularProgress.app */ = {isa = PBXFileReference; explicitFileType = wrapper.application; includeInIndex = 0; path = CircularProgress.app; sourceTree = BUILT_PRODUCTS_DIR; };
		704F13CD1B846F1C0059C8CB /* Info.plist */ = {isa = PBXFileReference; lastKnownFileType = text.plist.xml; path = Info.plist; sourceTree = "<group>"; };
		704F13CE1B846F1C0059C8CB /* main.m */ = {isa = PBXFileReference; lastKnownFileType = sourcecode.c.objc; path = main.m; sourceTree = "<group>"; };
		704F13D01B846F1C0059C8CB /* AppDelegate.h */ = {isa = PBXFileReference; lastKnownFileType = sourcecode.c.h; path = AppDelegate.h; sourceTree = "<group>"; };
		704F13D11B846F1C0059C8CB /* AppDelegate.m */ = {isa = PBXFileReference; lastKnownFileType = sourcecode.c.objc; path = AppDelegate.m; sourceTree = "<group>"; };
		704F13D31B846F1C0059C8CB /* ViewController.h */ = {isa = PBXFileReference; lastKnownFileType = sourcecode.c.h; path = ViewController.h; sourceTree = "<group>"; };
		704F13D41B846F1C0059C8CB /* ViewController.m */ = {isa = PBXFileReference; lastKnownFileType = sourcecode.c.objc; path = ViewController.m; sourceTree = "<group>"; };
		704F13D71B846F1C0059C8CB /* Base */ = {isa = PBXFileReference; lastKnownFileType = file.storyboard; name = Base; path = Base.lproj/Main.storyboard; sourceTree = "<group>"; };
		704F13D91B846F1C0059C8CB /* Images.xcassets */ = {isa = PBXFileReference; lastKnownFileType = folder.assetcatalog; path = Images.xcassets; sourceTree = "<group>"; };
		704F13DC1B846F1C0059C8CB /* Base */ = {isa = PBXFileReference; lastKnownFileType = file.xib; name = Base; path = Base.lproj/LaunchScreen.xib; sourceTree = "<group>"; };
		704F13E21B846F1C0059C8CB /* CircularProgressTests.xctest */ = {isa = PBXFileReference; explicitFileType = wrapper.cfbundle; includeInIndex = 0; path = CircularProgressTests.xctest; sourceTree = BUILT_PRODUCTS_DIR; };
		704F13E71B846F1C0059C8CB /* Info.plist */ = {isa = PBXFileReference; lastKnownFileType = text.plist.xml; path = Info.plist; sourceTree = "<group>"; };
		704F13E81B846F1C0059C8CB /* CircularProgressTests.m */ = {isa = PBXFileReference; lastKnownFileType = sourcecode.c.objc; path = CircularProgressTests.m; sourceTree = "<group>"; };
		704F13F31B846F720059C8CB /* CSTCircleProgressView.h */ = {isa = PBXFileReference; fileEncoding = 4; lastKnownFileType = sourcecode.c.h; path = CSTCircleProgressView.h; sourceTree = "<group>"; };
		704F13F41B846F720059C8CB /* CSTCircleProgressView.m */ = {isa = PBXFileReference; fileEncoding = 4; lastKnownFileType = sourcecode.c.objc; path = CSTCircleProgressView.m; sourceTree = "<group>"; };
		704F13FA1B84733A0059C8CB /* Colours.h */ = {isa = PBXFileReference; fileEncoding = 4; lastKnownFileType = sourcecode.c.h; path = Colours.h; sourceTree = "<group>"; };
		704F13FB1B84733A0059C8CB /* Colours.m */ = {isa = PBXFileReference; fileEncoding = 4; lastKnownFileType = sourcecode.c.objc; path = Colours.m; sourceTree = "<group>"; };
/* End PBXFileReference section */

/* Begin PBXFrameworksBuildPhase section */
		704F13C61B846F1C0059C8CB /* Frameworks */ = {
			isa = PBXFrameworksBuildPhase;
			buildActionMask = 2147483647;
			files = (
			);
			runOnlyForDeploymentPostprocessing = 0;
		};
		704F13DF1B846F1C0059C8CB /* Frameworks */ = {
			isa = PBXFrameworksBuildPhase;
			buildActionMask = 2147483647;
			files = (
			);
			runOnlyForDeploymentPostprocessing = 0;
		};
/* End PBXFrameworksBuildPhase section */

/* Begin PBXGroup section */
		704F13C01B846F1C0059C8CB = {
			isa = PBXGroup;
			children = (
				704F13CB1B846F1C0059C8CB /* CircularProgress */,
				704F13E51B846F1C0059C8CB /* CircularProgressTests */,
				704F13CA1B846F1C0059C8CB /* Products */,
			);
			sourceTree = "<group>";
		};
		704F13CA1B846F1C0059C8CB /* Products */ = {
			isa = PBXGroup;
			children = (
				704F13C91B846F1C0059C8CB /* CircularProgress.app */,
				704F13E21B846F1C0059C8CB /* CircularProgressTests.xctest */,
			);
			name = Products;
			sourceTree = "<group>";
		};
		704F13CB1B846F1C0059C8CB /* CircularProgress */ = {
			isa = PBXGroup;
			children = (
				704F13D01B846F1C0059C8CB /* AppDelegate.h */,
				704F13D11B846F1C0059C8CB /* AppDelegate.m */,
				704F13D31B846F1C0059C8CB /* ViewController.h */,
				704F13D41B846F1C0059C8CB /* ViewController.m */,
				704F13FD1B84733C0059C8CB /* Colours */,
				704F13F21B846F720059C8CB /* CSTCircleProgress */,
				704F13D61B846F1C0059C8CB /* Main.storyboard */,
				704F13D91B846F1C0059C8CB /* Images.xcassets */,
				704F13DB1B846F1C0059C8CB /* LaunchScreen.xib */,
				704F13CC1B846F1C0059C8CB /* Supporting Files */,
			);
			path = CircularProgress;
			sourceTree = "<group>";
		};
		704F13CC1B846F1C0059C8CB /* Supporting Files */ = {
			isa = PBXGroup;
			children = (
				704F13CD1B846F1C0059C8CB /* Info.plist */,
				704F13CE1B846F1C0059C8CB /* main.m */,
			);
			name = "Supporting Files";
			sourceTree = "<group>";
		};
		704F13E51B846F1C0059C8CB /* CircularProgressTests */ = {
			isa = PBXGroup;
			children = (
				704F13E81B846F1C0059C8CB /* CircularProgressTests.m */,
				704F13E61B846F1C0059C8CB /* Supporting Files */,
			);
			path = CircularProgressTests;
			sourceTree = "<group>";
		};
		704F13E61B846F1C0059C8CB /* Supporting Files */ = {
			isa = PBXGroup;
			children = (
				704F13E71B846F1C0059C8CB /* Info.plist */,
			);
			name = "Supporting Files";
			sourceTree = "<group>";
		};
		704F13F21B846F720059C8CB /* CSTCircleProgress */ = {
			isa = PBXGroup;
			children = (
				704F13F31B846F720059C8CB /* CSTCircleProgressView.h */,
				704F13F41B846F720059C8CB /* CSTCircleProgressView.m */,
			);
			path = CSTCircleProgress;
			sourceTree = "<group>";
		};
		704F13FD1B84733C0059C8CB /* Colours */ = {
			isa = PBXGroup;
			children = (
				704F13FA1B84733A0059C8CB /* Colours.h */,
				704F13FB1B84733A0059C8CB /* Colours.m */,
			);
			name = Colours;
			sourceTree = "<group>";
		};
/* End PBXGroup section */

/* Begin PBXNativeTarget section */
		704F13C81B846F1C0059C8CB /* CircularProgress */ = {
			isa = PBXNativeTarget;
			buildConfigurationList = 704F13EC1B846F1C0059C8CB /* Build configuration list for PBXNativeTarget "CircularProgress" */;
			buildPhases = (
				704F13C51B846F1C0059C8CB /* Sources */,
				704F13C61B846F1C0059C8CB /* Frameworks */,
				704F13C71B846F1C0059C8CB /* Resources */,
			);
			buildRules = (
			);
			dependencies = (
			);
			name = CircularProgress;
			productName = CircularProgress;
			productReference = 704F13C91B846F1C0059C8CB /* CircularProgress.app */;
			productType = "com.apple.product-type.application";
		};
		704F13E11B846F1C0059C8CB /* CircularProgressTests */ = {
			isa = PBXNativeTarget;
			buildConfigurationList = 704F13EF1B846F1C0059C8CB /* Build configuration list for PBXNativeTarget "CircularProgressTests" */;
			buildPhases = (
				704F13DE1B846F1C0059C8CB /* Sources */,
				704F13DF1B846F1C0059C8CB /* Frameworks */,
				704F13E01B846F1C0059C8CB /* Resources */,
			);
			buildRules = (
			);
			dependencies = (
				704F13E41B846F1C0059C8CB /* PBXTargetDependency */,
			);
			name = CircularProgressTests;
			productName = CircularProgressTests;
			productReference = 704F13E21B846F1C0059C8CB /* CircularProgressTests.xctest */;
			productType = "com.apple.product-type.bundle.unit-test";
		};
/* End PBXNativeTarget section */

/* Begin PBXProject section */
		704F13C11B846F1C0059C8CB /* Project object */ = {
			isa = PBXProject;
			attributes = {
				LastUpgradeCheck = 0640;
				ORGANIZATIONNAME = "Ren guohua";
				TargetAttributes = {
					704F13C81B846F1C0059C8CB = {
						CreatedOnToolsVersion = 6.4;
					};
					704F13E11B846F1C0059C8CB = {
						CreatedOnToolsVersion = 6.4;
						TestTargetID = 704F13C81B846F1C0059C8CB;
					};
				};
			};
			buildConfigurationList = 704F13C41B846F1C0059C8CB /* Build configuration list for PBXProject "CircularProgress" */;
			compatibilityVersion = "Xcode 3.2";
			developmentRegion = English;
			hasScannedForEncodings = 0;
			knownRegions = (
				en,
				Base,
			);
			mainGroup = 704F13C01B846F1C0059C8CB;
			productRefGroup = 704F13CA1B846F1C0059C8CB /* Products */;
			projectDirPath = "";
			projectRoot = "";
			targets = (
				704F13C81B846F1C0059C8CB /* CircularProgress */,
				704F13E11B846F1C0059C8CB /* CircularProgressTests */,
			);
		};
/* End PBXProject section */

/* Begin PBXResourcesBuildPhase section */
		704F13C71B846F1C0059C8CB /* Resources */ = {
			isa = PBXResourcesBuildPhase;
			buildActionMask = 2147483647;
			files = (
				704F13D81B846F1C0059C8CB /* Main.storyboard in Resources */,
				704F13DD1B846F1C0059C8CB /* LaunchScreen.xib in Resources */,
				704F13DA1B846F1C0059C8CB /* Images.xcassets in Resources */,
			);
			runOnlyForDeploymentPostprocessing = 0;
		};
		704F13E01B846F1C0059C8CB /* Resources */ = {
			isa = PBXResourcesBuildPhase;
			buildActionMask = 2147483647;
			files = (
			);
			runOnlyForDeploymentPostprocessing = 0;
		};
/* End PBXResourcesBuildPhase section */

/* Begin PBXSourcesBuildPhase section */
		704F13C51B846F1C0059C8CB /* Sources */ = {
			isa = PBXSourcesBuildPhase;
			buildActionMask = 2147483647;
			files = (
				704F13FC1B84733A0059C8CB /* Colours.m in Sources */,
				704F13D51B846F1C0059C8CB /* ViewController.m in Sources */,
				704F13D21B846F1C0059C8CB /* AppDelegate.m in Sources */,
				704F13F51B846F720059C8CB /* CSTCircleProgressView.m in Sources */,
				704F13CF1B846F1C0059C8CB /* main.m in Sources */,
			);
			runOnlyForDeploymentPostprocessing = 0;
		};
		704F13DE1B846F1C0059C8CB /* Sources */ = {
			isa = PBXSourcesBuildPhase;
			buildActionMask = 2147483647;
			files = (
				704F13E91B846F1C0059C8CB /* CircularProgressTests.m in Sources */,
			);
			runOnlyForDeploymentPostprocessing = 0;
		};
/* End PBXSourcesBuildPhase section */

/* Begin PBXTargetDependency section */
		704F13E41B846F1C0059C8CB /* PBXTargetDependency */ = {
			isa = PBXTargetDependency;
			target = 704F13C81B846F1C0059C8CB /* CircularProgress */;
			targetProxy = 704F13E31B846F1C0059C8CB /* PBXContainerItemProxy */;
		};
/* End PBXTargetDependency section */

/* Begin PBXVariantGroup section */
		704F13D61B846F1C0059C8CB /* Main.storyboard */ = {
			isa = PBXVariantGroup;
			children = (
				704F13D71B846F1C0059C8CB /* Base */,
			);
			name = Main.storyboard;
			sourceTree = "<group>";
		};
		704F13DB1B846F1C0059C8CB /* LaunchScreen.xib */ = {
			isa = PBXVariantGroup;
			children = (
				704F13DC1B846F1C0059C8CB /* Base */,
			);
			name = LaunchScreen.xib;
			sourceTree = "<group>";
		};
/* End PBXVariantGroup section */

/* Begin XCBuildConfiguration section */
		704F13EA1B846F1C0059C8CB /* Debug */ = {
			isa = XCBuildConfiguration;
			buildSettings = {
				ALWAYS_SEARCH_USER_PATHS = NO;
				CLANG_CXX_LANGUAGE_STANDARD = "gnu++0x";
				CLANG_CXX_LIBRARY = "libc++";
				CLANG_ENABLE_MODULES = YES;
				CLANG_ENABLE_OBJC_ARC = YES;
				CLANG_WARN_BOOL_CONVERSION = YES;
				CLANG_WARN_CONSTANT_CONVERSION = YES;
				CLANG_WARN_DIRECT_OBJC_ISA_USAGE = YES_ERROR;
				CLANG_WARN_EMPTY_BODY = YES;
				CLANG_WARN_ENUM_CONVERSION = YES;
				CLANG_WARN_INT_CONVERSION = YES;
				CLANG_WARN_OBJC_ROOT_CLASS = YES_ERROR;
				CLANG_WARN_UNREACHABLE_CODE = YES;
				CLANG_WARN__DUPLICATE_METHOD_MATCH = YES;
				"CODE_SIGN_IDENTITY[sdk=iphoneos*]" = "iPhone Developer";
				COPY_PHASE_STRIP = NO;
				DEBUG_INFORMATION_FORMAT = "dwarf-with-dsym";
				ENABLE_STRICT_OBJC_MSGSEND = YES;
				GCC_C_LANGUAGE_STANDARD = gnu99;
				GCC_DYNAMIC_NO_PIC = NO;
				GCC_NO_COMMON_BLOCKS = YES;
				GCC_OPTIMIZATION_LEVEL = 0;
				GCC_PREPROCESSOR_DEFINITIONS = (
					"DEBUG=1",
					"$(inherited)",
				);
				GCC_SYMBOLS_PRIVATE_EXTERN = NO;
				GCC_WARN_64_TO_32_BIT_CONVERSION = YES;
				GCC_WARN_ABOUT_RETURN_TYPE = YES_ERROR;
				GCC_WARN_UNDECLARED_SELECTOR = YES;
				GCC_WARN_UNINITIALIZED_AUTOS = YES_AGGRESSIVE;
				GCC_WARN_UNUSED_FUNCTION = YES;
				GCC_WARN_UNUSED_VARIABLE = YES;
				IPHONEOS_DEPLOYMENT_TARGET = 8.4;
				MTL_ENABLE_DEBUG_INFO = YES;
				ONLY_ACTIVE_ARCH = YES;
				SDKROOT = iphoneos;
				TARGETED_DEVICE_FAMILY = "1,2";
			};
			name = Debug;
		};
		704F13EB1B846F1C0059C8CB /* Release */ = {
			isa = XCBuildConfiguration;
			buildSettings = {
				ALWAYS_SEARCH_USER_PATHS = NO;
				CLANG_CXX_LANGUAGE_STANDARD = "gnu++0x";
				CLANG_CXX_LIBRARY = "libc++";
				CLANG_ENABLE_MODULES = YES;
				CLANG_ENABLE_OBJC_ARC = YES;
				CLANG_WARN_BOOL_CONVERSION = YES;
				CLANG_WARN_CONSTANT_CONVERSION = YES;
				CLANG_WARN_DIRECT_OBJC_ISA_USAGE = YES_ERROR;
				CLANG_WARN_EMPTY_BODY = YES;
				CLANG_WARN_ENUM_CONVERSION = YES;
				CLANG_WARN_INT_CONVERSION = YES;
				CLANG_WARN_OBJC_ROOT_CLASS = YES_ERROR;
				CLANG_WARN_UNREACHABLE_CODE = YES;
				CLANG_WARN__DUPLICATE_METHOD_MATCH = YES;
				"CODE_SIGN_IDENTITY[sdk=iphoneos*]" = "iPhone Developer";
				COPY_PHASE_STRIP = NO;
				DEBUG_INFORMATION_FORMAT = "dwarf-with-dsym";
				ENABLE_NS_ASSERTIONS = NO;
				ENABLE_STRICT_OBJC_MSGSEND = YES;
				GCC_C_LANGUAGE_STANDARD = gnu99;
				GCC_NO_COMMON_BLOCKS = YES;
				GCC_WARN_64_TO_32_BIT_CONVERSION = YES;
				GCC_WARN_ABOUT_RETURN_TYPE = YES_ERROR;
				GCC_WARN_UNDECLARED_SELECTOR = YES;
				GCC_WARN_UNINITIALIZED_AUTOS = YES_AGGRESSIVE;
				GCC_WARN_UNUSED_FUNCTION = YES;
				GCC_WARN_UNUSED_VARIABLE = YES;
				IPHONEOS_DEPLOYMENT_TARGET = 8.4;
				MTL_ENABLE_DEBUG_INFO = NO;
				SDKROOT = iphoneos;
				TARGETED_DEVICE_FAMILY = "1,2";
				VALIDATE_PRODUCT = YES;
			};
			name = Release;
		};
		704F13ED1B846F1C0059C8CB /* Debug */ = {
			isa = XCBuildConfiguration;
			buildSettings = {
				ASSETCATALOG_COMPILER_APPICON_NAME = AppIcon;
				INFOPLIST_FILE = CircularProgress/Info.plist;
				LD_RUNPATH_SEARCH_PATHS = "$(inherited) @executable_path/Frameworks";
				PRODUCT_NAME = "$(TARGET_NAME)";
			};
			name = Debug;
		};
		704F13EE1B846F1C0059C8CB /* Release */ = {
			isa = XCBuildConfiguration;
			buildSettings = {
				ASSETCATALOG_COMPILER_APPICON_NAME = AppIcon;
				INFOPLIST_FILE = CircularProgress/Info.plist;
				LD_RUNPATH_SEARCH_PATHS = "$(inherited) @executable_path/Frameworks";
				PRODUCT_NAME = "$(TARGET_NAME)";
			};
			name = Release;
		};
		704F13F01B846F1C0059C8CB /* Debug */ = {
			isa = XCBuildConfiguration;
			buildSettings = {
				BUNDLE_LOADER = "$(TEST_HOST)";
				FRAMEWORK_SEARCH_PATHS = (
					"$(SDKROOT)/Developer/Library/Frameworks",
					"$(inherited)",
				);
				GCC_PREPROCESSOR_DEFINITIONS = (
					"DEBUG=1",
					"$(inherited)",
				);
				INFOPLIST_FILE = CircularProgressTests/Info.plist;
				LD_RUNPATH_SEARCH_PATHS = "$(inherited) @executable_path/Frameworks @loader_path/Frameworks";
				PRODUCT_NAME = "$(TARGET_NAME)";
				TEST_HOST = "$(BUILT_PRODUCTS_DIR)/CircularProgress.app/CircularProgress";
			};
			name = Debug;
		};
		704F13F11B846F1C0059C8CB /* Release */ = {
			isa = XCBuildConfiguration;
			buildSettings = {
				BUNDLE_LOADER = "$(TEST_HOST)";
				FRAMEWORK_SEARCH_PATHS = (
					"$(SDKROOT)/Developer/Library/Frameworks",
					"$(inherited)",
				);
				INFOPLIST_FILE = CircularProgressTests/Info.plist;
				LD_RUNPATH_SEARCH_PATHS = "$(inherited) @executable_path/Frameworks @loader_path/Frameworks";
				PRODUCT_NAME = "$(TARGET_NAME)";
				TEST_HOST = "$(BUILT_PRODUCTS_DIR)/CircularProgress.app/CircularProgress";
			};
			name = Release;
		};
/* End XCBuildConfiguration section */

/* Begin XCConfigurationList section */
		704F13C41B846F1C0059C8CB /* Build configuration list for PBXProject "CircularProgress" */ = {
			isa = XCConfigurationList;
			buildConfigurations = (
				704F13EA1B846F1C0059C8CB /* Debug */,
				704F13EB1B846F1C0059C8CB /* Release */,
			);
			defaultConfigurationIsVisible = 0;
			defaultConfigurationName = Release;
		};
		704F13EC1B846F1C0059C8CB /* Build configuration list for PBXNativeTarget "CircularProgress" */ = {
			isa = XCConfigurationList;
			buildConfigurations = (
				704F13ED1B846F1C0059C8CB /* Debug */,
				704F13EE1B846F1C0059C8CB /* Release */,
			);
			defaultConfigurationIsVisible = 0;
		};
		704F13EF1B846F1C0059C8CB /* Build configuration list for PBXNativeTarget "CircularProgressTests" */ = {
			isa = XCConfigurationList;
			buildConfigurations = (
				704F13F01B846F1C0059C8CB /* Debug */,
				704F13F11B846F1C0059C8CB /* Release */,
			);
			defaultConfigurationIsVisible = 0;
		};
/* End XCConfigurationList section */
	};
	rootObject = 704F13C11B846F1C0059C8CB /* Project object */;
}
